
Microsoft Visual Studio Solution File, Format Version 12.00
# Visual Studio Version 16
VisualStudioVersion = 16.0.31205.134
MinimumVisualStudioVersion = 10.0.40219.1
Project("{8BC9CEB8-8B4A-11D0-8D11-00A0C91BC942}") = "hw-5-and-special-3", "hw-5-and-special-3\hw-5-and-special-3.vcxproj", "{D6DA29E4-687F-40C3-B0AB-2BA2E853E826}"
EndProject
Global
	GlobalSection(SolutionConfigurationPlatforms) = preSolution
		Debug|x64 = Debug|x64
		Debug|x86 = Debug|x86
		Release|x64 = Release|x64
		Release|x86 = Release|x86
	EndGlobalSection
	GlobalSection(ProjectConfigurationPlatforms) = postSolution
		{D6DA29E4-687F-40C3-B0AB-2BA2E853E826}.Debug|x64.ActiveCfg = Debug|x64
		{D6DA29E4-687F-40C3-B0AB-2BA2E853E826}.Debug|x64.Build.0 = Debug|x64
		{D6DA29E4-687F-40C3-B0AB-2BA2E853E826}.Debug|x86.ActiveCfg = Debug|Win32
		{D6DA29E4-687F-40C3-B0AB-2BA2E853E826}.Debug|x86.Build.0 = Debug|Win32
		{D6DA29E4-687F-40C3-B0AB-2BA2E853E826}.Release|x64.ActiveCfg = Release|x64
		{D6DA29E4-687F-40C3-B0AB-2BA2E853E826}.Release|x64.Build.0 = Release|x64
		{D6DA29E4-687F-40C3-B0AB-2BA2E853E826}.Release|x86.ActiveCfg = Release|Win32
		{D6DA29E4-687F-40C3-B0AB-2BA2E853E826}.Release|x86.Build.0 = Release|Win32
	EndGlobalSection
	GlobalSection(SolutionProperties) = preSolution
		HideSolutionNode = FALSE
	EndGlobalSection
	GlobalSection(ExtensibilityGlobals) = postSolution
		SolutionGuid = {EEA935BF-5457-45A4-8E7B-99BE03598A5D}
	EndGlobalSection
EndGlobal
